
Microsoft Visual Studio Solution File, Format Version 12.00
# Visual Studio 15
VisualStudioVersion = 15.0.27703.2035
MinimumVisualStudioVersion = 10.0.40219.1
Project("{FAE04EC0-301F-11D3-BF4B-00C04F79EFBC}") = "Raft", "Raft\Raft.csproj", "{AF4799CA-8D78-47C7-99CC-4EB7797A6D2C}"
EndProject
Global
	GlobalSection(SolutionConfigurationPlatforms) = preSolution
		Debug|Any CPU = Debug|Any CPU
		Release|Any CPU = Release|Any CPU
	EndGlobalSection
	GlobalSection(ProjectConfigurationPlatforms) = postSolution
		{AF4799CA-8D78-47C7-99CC-4EB7797A6D2C}.Debug|Any CPU.ActiveCfg = Debug|Any CPU
		{AF4799CA-8D78-47C7-99CC-4EB7797A6D2C}.Debug|Any CPU.Build.0 = Debug|Any CPU
		{AF4799CA-8D78-47C7-99CC-4EB7797A6D2C}.Release|Any CPU.ActiveCfg = Release|Any CPU
		{AF4799CA-8D78-47C7-99CC-4EB7797A6D2C}.Release|Any CPU.Build.0 = Release|Any CPU
	EndGlobalSection
	GlobalSection(SolutionProperties) = preSolution
		HideSolutionNode = FALSE
	EndGlobalSection
	GlobalSection(ExtensibilityGlobals) = postSolution
		SolutionGuid = {DDD6B4CE-D99A-4F37-87BB-D9E347D2A2DA}
	EndGlobalSection
EndGlobal
